
Microsoft Visual Studio Solution File, Format Version 12.00
# Visual Studio 15
VisualStudioVersion = 15.0.27130.2024
MinimumVisualStudioVersion = 10.0.40219.1
Project("{FAE04EC0-301F-11D3-BF4B-00C04F79EFBC}") = "PocoOrm.Core", "PocoOrm.Core\PocoOrm.Core.csproj", "{018D3A18-08B4-40F2-89DB-0EC659909640}"
EndProject
Project("{FAE04EC0-301F-11D3-BF4B-00C04F79EFBC}") = "PocoOrm.Console", "PocoOrm.Console\PocoOrm.Console.csproj", "{8D725941-C7DD-40D8-A447-21A6EBE56A59}"
EndProject
Project("{FAE04EC0-301F-11D3-BF4B-00C04F79EFBC}") = "PocoOrm.Test", "PocoOrm.Test\PocoOrm.Test.csproj", "{DEF2E2B3-DB18-4FC0-82D1-459482290044}"
EndProject
Project("{FAE04EC0-301F-11D3-BF4B-00C04F79EFBC}") = "PocoOrm.SqlServer", "PocoOrm.SqlServer\PocoOrm.SqlServer.csproj", "{F8D60D2A-FAF4-44F3-8931-156B245744C5}"
EndProject
Global
	GlobalSection(SolutionConfigurationPlatforms) = preSolution
		Debug|Any CPU = Debug|Any CPU
		Release|Any CPU = Release|Any CPU
	EndGlobalSection
	GlobalSection(ProjectConfigurationPlatforms) = postSolution
		{018D3A18-08B4-40F2-89DB-0EC659909640}.Debug|Any CPU.ActiveCfg = Debug|Any CPU
		{018D3A18-08B4-40F2-89DB-0EC659909640}.Debug|Any CPU.Build.0 = Debug|Any CPU
		{018D3A18-08B4-40F2-89DB-0EC659909640}.Release|Any CPU.ActiveCfg = Release|Any CPU
		{018D3A18-08B4-40F2-89DB-0EC659909640}.Release|Any CPU.Build.0 = Release|Any CPU
		{8D725941-C7DD-40D8-A447-21A6EBE56A59}.Debug|Any CPU.ActiveCfg = Debug|Any CPU
		{8D725941-C7DD-40D8-A447-21A6EBE56A59}.Debug|Any CPU.Build.0 = Debug|Any CPU
		{8D725941-C7DD-40D8-A447-21A6EBE56A59}.Release|Any CPU.ActiveCfg = Release|Any CPU
		{8D725941-C7DD-40D8-A447-21A6EBE56A59}.Release|Any CPU.Build.0 = Release|Any CPU
		{DEF2E2B3-DB18-4FC0-82D1-459482290044}.Debug|Any CPU.ActiveCfg = Debug|Any CPU
		{DEF2E2B3-DB18-4FC0-82D1-459482290044}.Debug|Any CPU.Build.0 = Debug|Any CPU
		{DEF2E2B3-DB18-4FC0-82D1-459482290044}.Release|Any CPU.ActiveCfg = Release|Any CPU
		{DEF2E2B3-DB18-4FC0-82D1-459482290044}.Release|Any CPU.Build.0 = Release|Any CPU
		{F8D60D2A-FAF4-44F3-8931-156B245744C5}.Debug|Any CPU.ActiveCfg = Debug|Any CPU
		{F8D60D2A-FAF4-44F3-8931-156B245744C5}.Debug|Any CPU.Build.0 = Debug|Any CPU
		{F8D60D2A-FAF4-44F3-8931-156B245744C5}.Release|Any CPU.ActiveCfg = Release|Any CPU
		{F8D60D2A-FAF4-44F3-8931-156B245744C5}.Release|Any CPU.Build.0 = Release|Any CPU
	EndGlobalSection
	GlobalSection(SolutionProperties) = preSolution
		HideSolutionNode = FALSE
	EndGlobalSection
	GlobalSection(ExtensibilityGlobals) = postSolution
		SolutionGuid = {DA376032-CAEF-431D-83A7-F30C24C93C44}
	EndGlobalSection
EndGlobal
